{
  "name": "@typescript-package/affix",
  "version": "3.0.0",
  "lockfileVersion": 3,
  "requires": true,
  "packages": {
    "": {
      "name": "@typescript-package/affix",
      "version": "3.0.0",
      "funding": [
        {
          "type": "stripe",
          "url": "https://donate.stripe.com/dR614hfDZcJE3wAcMM"
        },
        {
          "type": "revolut",
          "url": "https://checkout.revolut.com/pay/048b10a3-0e10-42c8-a917-e3e9cb4c8e29"
        }
      ],
      "license": "MIT",
      "peerDependencies": {
        "@typedly/affix": "^4.0.0"
      }
    },
    "node_modules/@typedly/affix": {
      "version": "4.0.0",
      "resolved": "https://registry.npmjs.org/@typedly/affix/-/affix-4.0.0.tgz",
      "integrity": "sha512-hMyEPGgYjHk5ETK2pbJNh9bCNfN+gxXK+dajOYyhouqsOl9j7Mu7ycfXBTWtHBoVh0uAznh7fw/e2gTpg0mc6g==",
      "funding": [
        {
          "type": "stripe",
          "url": "https://donate.stripe.com/dR614hfDZcJE3wAcMM"
        },
        {
          "type": "revolut",
          "url": "https://checkout.revolut.com/pay/048b10a3-0e10-42c8-a917-e3e9cb4c8e29"
        }
      ],
      "license": "MIT",
      "peer": true,
      "peerDependencies": {
        "@typedly/settings": "^0.3.0"
      }
    },
    "node_modules/@typedly/length": {
      "version": "0.1.1",
      "resolved": "https://registry.npmjs.org/@typedly/length/-/length-0.1.1.tgz",
      "integrity": "sha512-FflN7srj5Lr9g5hGjzl3+YnZnYiU8d8GlXzWrdNz2D3RRVBPOx/yXEw86//mR9J04rfuwpvW2yNSBf7+qtlFOQ==",
      "funding": [
        {
          "type": "stripe",
          "url": "https://donate.stripe.com/dR614hfDZcJE3wAcMM"
        },
        {
          "type": "revolut",
          "url": "https://checkout.revolut.com/pay/048b10a3-0e10-42c8-a917-e3e9cb4c8e29"
        }
      ],
      "license": "MIT",
      "peer": true
    },
    "node_modules/@typedly/pattern": {
      "version": "1.0.0",
      "resolved": "https://registry.npmjs.org/@typedly/pattern/-/pattern-1.0.0.tgz",
      "integrity": "sha512-9E3BkLoW89honN75HS7jgseDlSGPvBX8nNd80Mud9WAIwJyE7kGSS+iJjakzYoJO961W4XPyWUdXc6OhA5D7sg==",
      "funding": [
        {
          "type": "stripe",
          "url": "https://donate.stripe.com/dR614hfDZcJE3wAcMM"
        },
        {
          "type": "revolut",
          "url": "https://checkout.revolut.com/pay/048b10a3-0e10-42c8-a917-e3e9cb4c8e29"
        }
      ],
      "license": "MIT",
      "peer": true
    },
    "node_modules/@typedly/settings": {
      "version": "0.3.0",
      "resolved": "https://registry.npmjs.org/@typedly/settings/-/settings-0.3.0.tgz",
      "integrity": "sha512-PnH3D1+0+ZVIojkO5zn2Pz4RUY7h2eGjkn6jq/LWS7c9+621OmgDJOq1Sqb+jNWIkR8m5Q17VdDbjBewhUkthg==",
      "funding": [
        {
          "type": "stripe",
          "url": "https://donate.stripe.com/dR614hfDZcJE3wAcMM"
        },
        {
          "type": "revolut",
          "url": "https://checkout.revolut.com/pay/048b10a3-0e10-42c8-a917-e3e9cb4c8e29"
        }
      ],
      "license": "MIT",
      "peer": true,
      "peerDependencies": {
        "@typedly/length": "^0.1.1",
        "@typedly/pattern": "^1.0.0"
      }
    }
  }
}
